
Microsoft Visual Studio Solution File, Format Version 12.00
Project("{FAE04EC0-301F-11D3-BF4B-00C04F79EFBC}") = "ACSParser", "ACSParser\ACSParser.csproj", "{BDB86248-8F5C-4C0B-93DB-D33C88F36485}"
EndProject
Project("{FAE04EC0-301F-11D3-BF4B-00C04F79EFBC}") = "DecompressorUnitTests", "DecompressorUnitTests\DecompressorUnitTests.csproj", "{D0B6213E-222C-4C22-BA79-9301C30A3FF4}"
EndProject
Project("{FAE04EC0-301F-11D3-BF4B-00C04F79EFBC}") = "ACDParser", "ACDParser\ACDParser.csproj", "{A9BD7BB8-9D47-48D4-A0CD-E82C890AD2BA}"
EndProject
Project("{FAE04EC0-301F-11D3-BF4B-00C04F79EFBC}") = "ACSParserConsole", "ACSParserConsole\ACSParserConsole.csproj", "{AC2CCE58-FB99-40B5-B36D-E23EAF06D55F}"
EndProject
Project("{FAE04EC0-301F-11D3-BF4B-00C04F79EFBC}") = "AcsEditor", "AcsEditor\AcsEditor.csproj", "{8A35AB5F-C1F0-444E-BF59-972CE54055DE}"
EndProject
Global
	GlobalSection(SolutionConfigurationPlatforms) = preSolution
		Debug|Any CPU = Debug|Any CPU
		Release|Any CPU = Release|Any CPU
	EndGlobalSection
	GlobalSection(ProjectConfigurationPlatforms) = postSolution
		{BDB86248-8F5C-4C0B-93DB-D33C88F36485}.Debug|Any CPU.ActiveCfg = Debug|Any CPU
		{BDB86248-8F5C-4C0B-93DB-D33C88F36485}.Debug|Any CPU.Build.0 = Debug|Any CPU
		{BDB86248-8F5C-4C0B-93DB-D33C88F36485}.Release|Any CPU.ActiveCfg = Release|Any CPU
		{BDB86248-8F5C-4C0B-93DB-D33C88F36485}.Release|Any CPU.Build.0 = Release|Any CPU
		{D0B6213E-222C-4C22-BA79-9301C30A3FF4}.Debug|Any CPU.ActiveCfg = Debug|Any CPU
		{D0B6213E-222C-4C22-BA79-9301C30A3FF4}.Debug|Any CPU.Build.0 = Debug|Any CPU
		{D0B6213E-222C-4C22-BA79-9301C30A3FF4}.Release|Any CPU.ActiveCfg = Release|Any CPU
		{D0B6213E-222C-4C22-BA79-9301C30A3FF4}.Release|Any CPU.Build.0 = Release|Any CPU
		{A9BD7BB8-9D47-48D4-A0CD-E82C890AD2BA}.Debug|Any CPU.ActiveCfg = Debug|Any CPU
		{A9BD7BB8-9D47-48D4-A0CD-E82C890AD2BA}.Debug|Any CPU.Build.0 = Debug|Any CPU
		{A9BD7BB8-9D47-48D4-A0CD-E82C890AD2BA}.Release|Any CPU.ActiveCfg = Release|Any CPU
		{A9BD7BB8-9D47-48D4-A0CD-E82C890AD2BA}.Release|Any CPU.Build.0 = Release|Any CPU
		{AC2CCE58-FB99-40B5-B36D-E23EAF06D55F}.Debug|Any CPU.ActiveCfg = Debug|Any CPU
		{AC2CCE58-FB99-40B5-B36D-E23EAF06D55F}.Debug|Any CPU.Build.0 = Debug|Any CPU
		{AC2CCE58-FB99-40B5-B36D-E23EAF06D55F}.Release|Any CPU.ActiveCfg = Release|Any CPU
		{AC2CCE58-FB99-40B5-B36D-E23EAF06D55F}.Release|Any CPU.Build.0 = Release|Any CPU
		{8A35AB5F-C1F0-444E-BF59-972CE54055DE}.Debug|Any CPU.ActiveCfg = Debug|Any CPU
		{8A35AB5F-C1F0-444E-BF59-972CE54055DE}.Debug|Any CPU.Build.0 = Debug|Any CPU
		{8A35AB5F-C1F0-444E-BF59-972CE54055DE}.Release|Any CPU.ActiveCfg = Release|Any CPU
		{8A35AB5F-C1F0-444E-BF59-972CE54055DE}.Release|Any CPU.Build.0 = Release|Any CPU
	EndGlobalSection
EndGlobal
